// !$*UTF8*$!
{
	archiveVersion = 1;
	classes = {
	};
	objectVersion = 51;
	objects = {

/* Begin PBXBuildFile section */
		3E30338723EC48B90058E875 /* ARViewController.swift in Sources */ = {isa = PBXBuildFile; fileRef = 3E30338623EC48B90058E875 /* ARViewController.swift */; };
		3E38F5F023DAE710002AAAB4 /* ARViewController+extension.swift in Sources */ = {isa = PBXBuildFile; fileRef = 3E38F5EC23DAE710002AAAB4 /* ARViewController+extension.swift */; };
		3E38F5F323DAE718002AAAB4 /* ARMotionViewController.swift in Sources */ = {isa = PBXBuildFile; fileRef = 3E38F5F223DAE718002AAAB4 /* ARMotionViewController.swift */; };
		3E38F5F523DAE71F002AAAB4 /* MakingARViewController.swift in Sources */ = {isa = PBXBuildFile; fileRef = 3E38F5F423DAE71E002AAAB4 /* MakingARViewController.swift */; };
		3E38F5F723DAE724002AAAB4 /* GalleryViewController.swift in Sources */ = {isa = PBXBuildFile; fileRef = 3E38F5F623DAE724002AAAB4 /* GalleryViewController.swift */; };
		3E38F5FB23DAE729002AAAB4 /* HelpTableViewController.swift in Sources */ = {isa = PBXBuildFile; fileRef = 3E38F5F823DAE729002AAAB4 /* HelpTableViewController.swift */; };
		3E38F5FC23DAE729002AAAB4 /* MadeByTableViewController.swift in Sources */ = {isa = PBXBuildFile; fileRef = 3E38F5F923DAE729002AAAB4 /* MadeByTableViewController.swift */; };
		3E38F5FD23DAE729002AAAB4 /* SettingTableViewController.swift in Sources */ = {isa = PBXBuildFile; fileRef = 3E38F5FA23DAE729002AAAB4 /* SettingTableViewController.swift */; };
		3E38F5FF23DAE72E002AAAB4 /* TutorialViewController.swift in Sources */ = {isa = PBXBuildFile; fileRef = 3E38F5FE23DAE72E002AAAB4 /* TutorialViewController.swift */; };
		3E38F60123DAE7FD002AAAB4 /* ARDrawingViewController.storyboard in Resources */ = {isa = PBXBuildFile; fileRef = 3E38F60023DAE7FD002AAAB4 /* ARDrawingViewController.storyboard */; };
		3E38F60323DAE825002AAAB4 /* ARDrawingViewController.swift in Sources */ = {isa = PBXBuildFile; fileRef = 3E38F60223DAE825002AAAB4 /* ARDrawingViewController.swift */; };
		3E38F60523DAEDE0002AAAB4 /* ARMotionViewController.storyboard in Resources */ = {isa = PBXBuildFile; fileRef = 3E38F60423DAEDE0002AAAB4 /* ARMotionViewController.storyboard */; };
		3E38F60723DAEE3C002AAAB4 /* MakingARViewController.storyboard in Resources */ = {isa = PBXBuildFile; fileRef = 3E38F60623DAEE3C002AAAB4 /* MakingARViewController.storyboard */; };
		3E38F60923DAEEB0002AAAB4 /* SettingTableViewController.storyboard in Resources */ = {isa = PBXBuildFile; fileRef = 3E38F60823DAEEB0002AAAB4 /* SettingTableViewController.storyboard */; };
		3E38F60B23DAEED8002AAAB4 /* GalleryViewController.storyboard in Resources */ = {isa = PBXBuildFile; fileRef = 3E38F60A23DAEED8002AAAB4 /* GalleryViewController.storyboard */; };
		3E38F60D23DAF0C1002AAAB4 /* TutorialViewController.storyboard in Resources */ = {isa = PBXBuildFile; fileRef = 3E38F60C23DAF0C1002AAAB4 /* TutorialViewController.storyboard */; };
		3E38F61623DAF291002AAAB4 /* Styles.swift in Sources */ = {isa = PBXBuildFile; fileRef = 3E38F61423DAF290002AAAB4 /* Styles.swift */; };
		3E38F61723DAF291002AAAB4 /* Utilities.swift in Sources */ = {isa = PBXBuildFile; fileRef = 3E38F61523DAF291002AAAB4 /* Utilities.swift */; };
		3E38F61C23DAF29F002AAAB4 /* UISliderColorControl.swift in Sources */ = {isa = PBXBuildFile; fileRef = 3E38F61823DAF29F002AAAB4 /* UISliderColorControl.swift */; };
		3E38F61D23DAF29F002AAAB4 /* RadialHuePalette.swift in Sources */ = {isa = PBXBuildFile; fileRef = 3E38F61923DAF29F002AAAB4 /* RadialHuePalette.swift */; };
		3E38F61E23DAF29F002AAAB4 /* HueColorSliderDelegate.swift in Sources */ = {isa = PBXBuildFile; fileRef = 3E38F61A23DAF29F002AAAB4 /* HueColorSliderDelegate.swift */; };
		3E38F61F23DAF29F002AAAB4 /* RadialHueColorPaletteDelegate.swift in Sources */ = {isa = PBXBuildFile; fileRef = 3E38F61B23DAF29F002AAAB4 /* RadialHueColorPaletteDelegate.swift */; };
		3E38F62123DAF2A5002AAAB4 /* ISRadioButton.swift in Sources */ = {isa = PBXBuildFile; fileRef = 3E38F62023DAF2A5002AAAB4 /* ISRadioButton.swift */; };
		3E38F62523DAF2B2002AAAB4 /* TooltipView.swift in Sources */ = {isa = PBXBuildFile; fileRef = 3E38F62223DAF2B2002AAAB4 /* TooltipView.swift */; };
		3E38F62623DAF2B2002AAAB4 /* ProgressView.swift in Sources */ = {isa = PBXBuildFile; fileRef = 3E38F62323DAF2B2002AAAB4 /* ProgressView.swift */; };
		3E38F62723DAF2B2002AAAB4 /* DrawPromptView.swift in Sources */ = {isa = PBXBuildFile; fileRef = 3E38F62423DAF2B2002AAAB4 /* DrawPromptView.swift */; };
		3E38F62C23DAF2B8002AAAB4 /* BiquadFilter.swift in Sources */ = {isa = PBXBuildFile; fileRef = 3E38F62823DAF2B8002AAAB4 /* BiquadFilter.swift */; };
		3E38F62D23DAF2B8002AAAB4 /* Shaders.metal in Sources */ = {isa = PBXBuildFile; fileRef = 3E38F62923DAF2B8002AAAB4 /* Shaders.metal */; };
		3E38F62E23DAF2B9002AAAB4 /* LineGeometry.swift in Sources */ = {isa = PBXBuildFile; fileRef = 3E38F62A23DAF2B8002AAAB4 /* LineGeometry.swift */; };
		3E38F63423DAFDE8002AAAB4 /* LaunchScreen.storyboard in Resources */ = {isa = PBXBuildFile; fileRef = 3E38F63323DAFDE8002AAAB4 /* LaunchScreen.storyboard */; };
		3E6D61F323EC656900A9E4BB /* .swiftlint.yml in Resources */ = {isa = PBXBuildFile; fileRef = 3E6D61F223EC656900A9E4BB /* .swiftlint.yml */; };
		3ED4BDD9227ECB2B0031E99A /* DamdaCamCoreData.xcdatamodeld in Sources */ = {isa = PBXBuildFile; fileRef = 3ED4BDD7227ECB2B0031E99A /* DamdaCamCoreData.xcdatamodeld */; };
		3ED5BB9C23E30FC100ABC30E /* Figure.swift in Sources */ = {isa = PBXBuildFile; fileRef = 3ED5BB9B23E30FC100ABC30E /* Figure.swift */; };
		3EF105E523B71FA500CCB7E1 /* ARMotionCollectionViewCell.swift in Sources */ = {isa = PBXBuildFile; fileRef = 3EF105E123B71FA500CCB7E1 /* ARMotionCollectionViewCell.swift */; };
		3EF105E623B71FA500CCB7E1 /* CustomPaletteCollectionViewCell.swift in Sources */ = {isa = PBXBuildFile; fileRef = 3EF105E223B71FA500CCB7E1 /* CustomPaletteCollectionViewCell.swift */; };
		3EF105E723B71FA500CCB7E1 /* FilterCollectionViewCell.swift in Sources */ = {isa = PBXBuildFile; fileRef = 3EF105E323B71FA500CCB7E1 /* FilterCollectionViewCell.swift */; };
		3EF105E823B71FA500CCB7E1 /* GalleryCollectionViewCell.swift in Sources */ = {isa = PBXBuildFile; fileRef = 3EF105E423B71FA500CCB7E1 /* GalleryCollectionViewCell.swift */; };
		3EF105FE23B7200100CCB7E1 /* NodeRender.metal in Sources */ = {isa = PBXBuildFile; fileRef = 3EF105FB23B7200000CCB7E1 /* NodeRender.metal */; };
		3EF105FF23B7200100CCB7E1 /* NodeTechnique.plist in Resources */ = {isa = PBXBuildFile; fileRef = 3EF105FC23B7200000CCB7E1 /* NodeTechnique.plist */; };
		3EF1060023B7200100CCB7E1 /* Stroke.swift in Sources */ = {isa = PBXBuildFile; fileRef = 3EF105FD23B7200100CCB7E1 /* Stroke.swift */; };
		3EF1060923B7202900CCB7E1 /* Fonts in Resources */ = {isa = PBXBuildFile; fileRef = 3EF1060223B7202800CCB7E1 /* Fonts */; };
		3EF1060A23B7202900CCB7E1 /* Tutorial Gif in Resources */ = {isa = PBXBuildFile; fileRef = 3EF1060323B7202900CCB7E1 /* Tutorial Gif */; };
		3EF1060B23B7202900CCB7E1 /* FaceAR.scnassets in Resources */ = {isa = PBXBuildFile; fileRef = 3EF1060423B7202900CCB7E1 /* FaceAR.scnassets */; };
		3EF1060C23B7202900CCB7E1 /* BGAR.scnassets in Resources */ = {isa = PBXBuildFile; fileRef = 3EF1060523B7202900CCB7E1 /* BGAR.scnassets */; };
		3EF1060D23B7202900CCB7E1 /* recordGradient in Resources */ = {isa = PBXBuildFile; fileRef = 3EF1060623B7202900CCB7E1 /* recordGradient */; };
		3EF1060E23B7202900CCB7E1 /* Assets.xcassets in Resources */ = {isa = PBXBuildFile; fileRef = 3EF1060723B7202900CCB7E1 /* Assets.xcassets */; };
		3EF1062A23B7208000CCB7E1 /* looking_partner.json in Resources */ = {isa = PBXBuildFile; fileRef = 3EF1062723B7207F00CCB7E1 /* looking_partner.json */; };
		3EF1062B23B7208000CCB7E1 /* partner_found.json in Resources */ = {isa = PBXBuildFile; fileRef = 3EF1062823B7207F00CCB7E1 /* partner_found.json */; };
		3EF1062C23B7208000CCB7E1 /* stay_put.json in Resources */ = {isa = PBXBuildFile; fileRef = 3EF1062923B7208000CCB7E1 /* stay_put.json */; };
		3EF7963F23E6A59300C56DDB /* Properties.swift in Sources */ = {isa = PBXBuildFile; fileRef = 3EF7963E23E6A59300C56DDB /* Properties.swift */; };
		3EF7964123E6A59C00C56DDB /* Color.swift in Sources */ = {isa = PBXBuildFile; fileRef = 3EF7964023E6A59C00C56DDB /* Color.swift */; };
		3EF7964323E6B25C00C56DDB /* Font.swift in Sources */ = {isa = PBXBuildFile; fileRef = 3EF7964223E6B25C00C56DDB /* Font.swift */; };
		3EF7966C23E9A94900C56DDB /* FaceARMotion.swift in Sources */ = {isa = PBXBuildFile; fileRef = 3EF7966A23E9A94900C56DDB /* FaceARMotion.swift */; };
		3EF7967023E9ACBB00C56DDB /* DamdaData.swift in Sources */ = {isa = PBXBuildFile; fileRef = 3EF7966F23E9ACBB00C56DDB /* DamdaData.swift */; };
		3EF7967423E9AD0B00C56DDB /* BGARMotion.swift in Sources */ = {isa = PBXBuildFile; fileRef = 3EF7967323E9AD0A00C56DDB /* BGARMotion.swift */; };
		3EFCD65E21AE33D900D51C0C /* AppDelegate.swift in Sources */ = {isa = PBXBuildFile; fileRef = 3EFCD65D21AE33D900D51C0C /* AppDelegate.swift */; };
		53495199B524324E8BBFCFCE /* Pods_DamdaCam.framework in Frameworks */ = {isa = PBXBuildFile; fileRef = B05AC136890D1A76458899FB /* Pods_DamdaCam.framework */; };
/* End PBXBuildFile section */

/* Begin PBXFileReference section */
		24C97EBDB39DDE273304CA25 /* Pods-DamdaCam.debug.xcconfig */ = {isa = PBXFileReference; includeInIndex = 1; lastKnownFileType = text.xcconfig; name = "Pods-DamdaCam.debug.xcconfig"; path = "Pods/Target Support Files/Pods-DamdaCam/Pods-DamdaCam.debug.xcconfig"; sourceTree = "<group>"; };
		3E30338623EC48B90058E875 /* ARViewController.swift */ = {isa = PBXFileReference; lastKnownFileType = sourcecode.swift; path = ARViewController.swift; sourceTree = "<group>"; };
		3E38F5EC23DAE710002AAAB4 /* ARViewController+extension.swift */ = {isa = PBXFileReference; fileEncoding = 4; lastKnownFileType = sourcecode.swift; path = "ARViewController+extension.swift"; sourceTree = "<group>"; };
		3E38F5F223DAE718002AAAB4 /* ARMotionViewController.swift */ = {isa = PBXFileReference; fileEncoding = 4; lastKnownFileType = sourcecode.swift; path = ARMotionViewController.swift; sourceTree = "<group>"; };
		3E38F5F423DAE71E002AAAB4 /* MakingARViewController.swift */ = {isa = PBXFileReference; fileEncoding = 4; lastKnownFileType = sourcecode.swift; path = MakingARViewController.swift; sourceTree = "<group>"; };
		3E38F5F623DAE724002AAAB4 /* GalleryViewController.swift */ = {isa = PBXFileReference; fileEncoding = 4; lastKnownFileType = sourcecode.swift; path = GalleryViewController.swift; sourceTree = "<group>"; };
		3E38F5F823DAE729002AAAB4 /* HelpTableViewController.swift */ = {isa = PBXFileReference; fileEncoding = 4; lastKnownFileType = sourcecode.swift; path = HelpTableViewController.swift; sourceTree = "<group>"; };
		3E38F5F923DAE729002AAAB4 /* MadeByTableViewController.swift */ = {isa = PBXFileReference; fileEncoding = 4; lastKnownFileType = sourcecode.swift; path = MadeByTableViewController.swift; sourceTree = "<group>"; };
		3E38F5FA23DAE729002AAAB4 /* SettingTableViewController.swift */ = {isa = PBXFileReference; fileEncoding = 4; lastKnownFileType = sourcecode.swift; path = SettingTableViewController.swift; sourceTree = "<group>"; };
		3E38F5FE23DAE72E002AAAB4 /* TutorialViewController.swift */ = {isa = PBXFileReference; fileEncoding = 4; lastKnownFileType = sourcecode.swift; path = TutorialViewController.swift; sourceTree = "<group>"; };
		3E38F60023DAE7FD002AAAB4 /* ARDrawingViewController.storyboard */ = {isa = PBXFileReference; lastKnownFileType = file.storyboard; path = ARDrawingViewController.storyboard; sourceTree = "<group>"; };
		3E38F60223DAE825002AAAB4 /* ARDrawingViewController.swift */ = {isa = PBXFileReference; lastKnownFileType = sourcecode.swift; path = ARDrawingViewController.swift; sourceTree = "<group>"; };
		3E38F60423DAEDE0002AAAB4 /* ARMotionViewController.storyboard */ = {isa = PBXFileReference; lastKnownFileType = file.storyboard; path = ARMotionViewController.storyboard; sourceTree = "<group>"; };
		3E38F60623DAEE3C002AAAB4 /* MakingARViewController.storyboard */ = {isa = PBXFileReference; lastKnownFileType = file.storyboard; path = MakingARViewController.storyboard; sourceTree = "<group>"; };
		3E38F60823DAEEB0002AAAB4 /* SettingTableViewController.storyboard */ = {isa = PBXFileReference; lastKnownFileType = file.storyboard; path = SettingTableViewController.storyboard; sourceTree = "<group>"; };
		3E38F60A23DAEED8002AAAB4 /* GalleryViewController.storyboard */ = {isa = PBXFileReference; lastKnownFileType = file.storyboard; path = GalleryViewController.storyboard; sourceTree = "<group>"; };
		3E38F60C23DAF0C1002AAAB4 /* TutorialViewController.storyboard */ = {isa = PBXFileReference; lastKnownFileType = file.storyboard; path = TutorialViewController.storyboard; sourceTree = "<group>"; };
		3E38F61423DAF290002AAAB4 /* Styles.swift */ = {isa = PBXFileReference; fileEncoding = 4; lastKnownFileType = sourcecode.swift; path = Styles.swift; sourceTree = "<group>"; };
		3E38F61523DAF291002AAAB4 /* Utilities.swift */ = {isa = PBXFileReference; fileEncoding = 4; lastKnownFileType = sourcecode.swift; path = Utilities.swift; sourceTree = "<group>"; };
		3E38F61823DAF29F002AAAB4 /* UISliderColorControl.swift */ = {isa = PBXFileReference; fileEncoding = 4; lastKnownFileType = sourcecode.swift; path = UISliderColorControl.swift; sourceTree = "<group>"; };
		3E38F61923DAF29F002AAAB4 /* RadialHuePalette.swift */ = {isa = PBXFileReference; fileEncoding = 4; lastKnownFileType = sourcecode.swift; path = RadialHuePalette.swift; sourceTree = "<group>"; };
		3E38F61A23DAF29F002AAAB4 /* HueColorSliderDelegate.swift */ = {isa = PBXFileReference; fileEncoding = 4; lastKnownFileType = sourcecode.swift; path = HueColorSliderDelegate.swift; sourceTree = "<group>"; };
		3E38F61B23DAF29F002AAAB4 /* RadialHueColorPaletteDelegate.swift */ = {isa = PBXFileReference; fileEncoding = 4; lastKnownFileType = sourcecode.swift; path = RadialHueColorPaletteDelegate.swift; sourceTree = "<group>"; };
		3E38F62023DAF2A5002AAAB4 /* ISRadioButton.swift */ = {isa = PBXFileReference; fileEncoding = 4; lastKnownFileType = sourcecode.swift; path = ISRadioButton.swift; sourceTree = "<group>"; };
		3E38F62223DAF2B2002AAAB4 /* TooltipView.swift */ = {isa = PBXFileReference; fileEncoding = 4; lastKnownFileType = sourcecode.swift; path = TooltipView.swift; sourceTree = "<group>"; };
		3E38F62323DAF2B2002AAAB4 /* ProgressView.swift */ = {isa = PBXFileReference; fileEncoding = 4; lastKnownFileType = sourcecode.swift; path = ProgressView.swift; sourceTree = "<group>"; };
		3E38F62423DAF2B2002AAAB4 /* DrawPromptView.swift */ = {isa = PBXFileReference; fileEncoding = 4; lastKnownFileType = sourcecode.swift; path = DrawPromptView.swift; sourceTree = "<group>"; };
		3E38F62823DAF2B8002AAAB4 /* BiquadFilter.swift */ = {isa = PBXFileReference; fileEncoding = 4; lastKnownFileType = sourcecode.swift; path = BiquadFilter.swift; sourceTree = "<group>"; };
		3E38F62923DAF2B8002AAAB4 /* Shaders.metal */ = {isa = PBXFileReference; fileEncoding = 4; lastKnownFileType = sourcecode.metal; path = Shaders.metal; sourceTree = "<group>"; };
		3E38F62A23DAF2B8002AAAB4 /* LineGeometry.swift */ = {isa = PBXFileReference; fileEncoding = 4; lastKnownFileType = sourcecode.swift; path = LineGeometry.swift; sourceTree = "<group>"; };
		3E38F62B23DAF2B8002AAAB4 /* ShaderTypes.h */ = {isa = PBXFileReference; fileEncoding = 4; lastKnownFileType = sourcecode.c.h; path = ShaderTypes.h; sourceTree = "<group>"; };
		3E38F63323DAFDE8002AAAB4 /* LaunchScreen.storyboard */ = {isa = PBXFileReference; fileEncoding = 4; lastKnownFileType = file.storyboard; path = LaunchScreen.storyboard; sourceTree = "<group>"; };
		3E6D61F223EC656900A9E4BB /* .swiftlint.yml */ = {isa = PBXFileReference; lastKnownFileType = text.yaml; path = .swiftlint.yml; sourceTree = "<group>"; };
		3EA9AF8E21BC2B6F0033622F /* DamdaCam-Bridging-Header.h */ = {isa = PBXFileReference; fileEncoding = 4; lastKnownFileType = sourcecode.c.h; path = "DamdaCam-Bridging-Header.h"; sourceTree = "<group>"; };
		3EAEDCD921BD4D9500BA7A7B /* OpenGLES.framework */ = {isa = PBXFileReference; lastKnownFileType = wrapper.framework; name = OpenGLES.framework; path = System/Library/Frameworks/OpenGLES.framework; sourceTree = SDKROOT; };
		3EAEDCDB21BD4DA000BA7A7B /* AVFoundation.framework */ = {isa = PBXFileReference; lastKnownFileType = wrapper.framework; name = AVFoundation.framework; path = System/Library/Frameworks/AVFoundation.framework; sourceTree = SDKROOT; };
		3EAEDCDD21BD4DAA00BA7A7B /* CoreImage.framework */ = {isa = PBXFileReference; lastKnownFileType = wrapper.framework; name = CoreImage.framework; path = System/Library/Frameworks/CoreImage.framework; sourceTree = SDKROOT; };
		3ED4BDD8227ECB2B0031E99A /* MakingARCoreData.xcdatamodel */ = {isa = PBXFileReference; lastKnownFileType = wrapper.xcdatamodel; path = MakingARCoreData.xcdatamodel; sourceTree = "<group>"; };
		3ED5BB9B23E30FC100ABC30E /* Figure.swift */ = {isa = PBXFileReference; lastKnownFileType = sourcecode.swift; name = Figure.swift; path = Model/Figure.swift; sourceTree = "<group>"; };
		3EF105E123B71FA500CCB7E1 /* ARMotionCollectionViewCell.swift */ = {isa = PBXFileReference; fileEncoding = 4; lastKnownFileType = sourcecode.swift; name = ARMotionCollectionViewCell.swift; path = Views/Cells/ARMotionCollectionViewCell.swift; sourceTree = "<group>"; };
		3EF105E223B71FA500CCB7E1 /* CustomPaletteCollectionViewCell.swift */ = {isa = PBXFileReference; fileEncoding = 4; lastKnownFileType = sourcecode.swift; name = CustomPaletteCollectionViewCell.swift; path = Views/Cells/CustomPaletteCollectionViewCell.swift; sourceTree = "<group>"; };
		3EF105E323B71FA500CCB7E1 /* FilterCollectionViewCell.swift */ = {isa = PBXFileReference; fileEncoding = 4; lastKnownFileType = sourcecode.swift; name = FilterCollectionViewCell.swift; path = Views/Cells/FilterCollectionViewCell.swift; sourceTree = "<group>"; };
		3EF105E423B71FA500CCB7E1 /* GalleryCollectionViewCell.swift */ = {isa = PBXFileReference; fileEncoding = 4; lastKnownFileType = sourcecode.swift; name = GalleryCollectionViewCell.swift; path = Views/Cells/GalleryCollectionViewCell.swift; sourceTree = "<group>"; };
		3EF105F723B71FB200CCB7E1 /* thirdPartyLicenses.html */ = {isa = PBXFileReference; lastKnownFileType = text.html; path = thirdPartyLicenses.html; sourceTree = "<group>"; };
		3EF105FB23B7200000CCB7E1 /* NodeRender.metal */ = {isa = PBXFileReference; fileEncoding = 4; lastKnownFileType = sourcecode.metal; name = NodeRender.metal; path = Model/NodeRender.metal; sourceTree = "<group>"; };
		3EF105FC23B7200000CCB7E1 /* NodeTechnique.plist */ = {isa = PBXFileReference; fileEncoding = 4; lastKnownFileType = text.plist.xml; name = NodeTechnique.plist; path = Model/NodeTechnique.plist; sourceTree = "<group>"; };
		3EF105FD23B7200100CCB7E1 /* Stroke.swift */ = {isa = PBXFileReference; fileEncoding = 4; lastKnownFileType = sourcecode.swift; name = Stroke.swift; path = Model/Stroke.swift; sourceTree = "<group>"; };
		3EF1060223B7202800CCB7E1 /* Fonts */ = {isa = PBXFileReference; lastKnownFileType = folder; name = Fonts; path = Resources/Fonts; sourceTree = "<group>"; };
		3EF1060323B7202900CCB7E1 /* Tutorial Gif */ = {isa = PBXFileReference; lastKnownFileType = folder; name = "Tutorial Gif"; path = "Resources/Tutorial Gif"; sourceTree = "<group>"; };
		3EF1060423B7202900CCB7E1 /* FaceAR.scnassets */ = {isa = PBXFileReference; lastKnownFileType = wrapper.scnassets; name = FaceAR.scnassets; path = Resources/FaceAR.scnassets; sourceTree = "<group>"; };
		3EF1060523B7202900CCB7E1 /* BGAR.scnassets */ = {isa = PBXFileReference; lastKnownFileType = wrapper.scnassets; name = BGAR.scnassets; path = Resources/BGAR.scnassets; sourceTree = "<group>"; };
		3EF1060623B7202900CCB7E1 /* recordGradient */ = {isa = PBXFileReference; lastKnownFileType = folder; name = recordGradient; path = Resources/recordGradient; sourceTree = "<group>"; };
		3EF1060723B7202900CCB7E1 /* Assets.xcassets */ = {isa = PBXFileReference; lastKnownFileType = folder.assetcatalog; name = Assets.xcassets; path = Resources/Assets.xcassets; sourceTree = "<group>"; };
		3EF1062723B7207F00CCB7E1 /* looking_partner.json */ = {isa = PBXFileReference; fileEncoding = 4; lastKnownFileType = text.json; name = looking_partner.json; path = "Lottie Animations/looking_partner.json"; sourceTree = "<group>"; };
		3EF1062823B7207F00CCB7E1 /* partner_found.json */ = {isa = PBXFileReference; fileEncoding = 4; lastKnownFileType = text.json; name = partner_found.json; path = "Lottie Animations/partner_found.json"; sourceTree = "<group>"; };
		3EF1062923B7208000CCB7E1 /* stay_put.json */ = {isa = PBXFileReference; fileEncoding = 4; lastKnownFileType = text.json; name = stay_put.json; path = "Lottie Animations/stay_put.json"; sourceTree = "<group>"; };
		3EF7963E23E6A59300C56DDB /* Properties.swift */ = {isa = PBXFileReference; lastKnownFileType = sourcecode.swift; path = Properties.swift; sourceTree = "<group>"; };
		3EF7964023E6A59C00C56DDB /* Color.swift */ = {isa = PBXFileReference; lastKnownFileType = sourcecode.swift; path = Color.swift; sourceTree = "<group>"; };
		3EF7964223E6B25C00C56DDB /* Font.swift */ = {isa = PBXFileReference; lastKnownFileType = sourcecode.swift; path = Font.swift; sourceTree = "<group>"; };
		3EF7966A23E9A94900C56DDB /* FaceARMotion.swift */ = {isa = PBXFileReference; fileEncoding = 4; lastKnownFileType = sourcecode.swift; name = FaceARMotion.swift; path = Model/FaceARMotion.swift; sourceTree = "<group>"; };
		3EF7966F23E9ACBB00C56DDB /* DamdaData.swift */ = {isa = PBXFileReference; fileEncoding = 4; lastKnownFileType = sourcecode.swift; name = DamdaData.swift; path = DamdaCam/Model/CoreData/DamdaData.swift; sourceTree = SOURCE_ROOT; };
		3EF7967323E9AD0A00C56DDB /* BGARMotion.swift */ = {isa = PBXFileReference; fileEncoding = 4; lastKnownFileType = sourcecode.swift; name = BGARMotion.swift; path = Model/BGARMotion.swift; sourceTree = "<group>"; };
		3EFCD65A21AE33D900D51C0C /* DamdaCam.app */ = {isa = PBXFileReference; explicitFileType = wrapper.application; includeInIndex = 0; path = DamdaCam.app; sourceTree = BUILT_PRODUCTS_DIR; };
		3EFCD65D21AE33D900D51C0C /* AppDelegate.swift */ = {isa = PBXFileReference; lastKnownFileType = sourcecode.swift; path = AppDelegate.swift; sourceTree = "<group>"; };
		3EFCD66921AE33DA00D51C0C /* Info.plist */ = {isa = PBXFileReference; lastKnownFileType = text.plist.xml; path = Info.plist; sourceTree = "<group>"; };
		7A2FF700FA191457E5E0427B /* Pods-DamdaCam.release.xcconfig */ = {isa = PBXFileReference; includeInIndex = 1; lastKnownFileType = text.xcconfig; name = "Pods-DamdaCam.release.xcconfig"; path = "Pods/Target Support Files/Pods-DamdaCam/Pods-DamdaCam.release.xcconfig"; sourceTree = "<group>"; };
		B05AC136890D1A76458899FB /* Pods_DamdaCam.framework */ = {isa = PBXFileReference; explicitFileType = wrapper.framework; includeInIndex = 0; path = Pods_DamdaCam.framework; sourceTree = BUILT_PRODUCTS_DIR; };
/* End PBXFileReference section */

/* Begin PBXFrameworksBuildPhase section */
		3EFCD65721AE33D900D51C0C /* Frameworks */ = {
			isa = PBXFrameworksBuildPhase;
			buildActionMask = 2147483647;
			files = (
				53495199B524324E8BBFCFCE /* Pods_DamdaCam.framework in Frameworks */,
			);
			runOnlyForDeploymentPostprocessing = 0;
		};
/* End PBXFrameworksBuildPhase section */

/* Begin PBXGroup section */
		3E38F5E323DAE288002AAAB4 /* View Controllers */ = {
			isa = PBXGroup;
			children = (
				3E38F5E423DAE2D1002AAAB4 /* AR Drawing */,
				3E38F5E523DAE2D9002AAAB4 /* AR Motion */,
				3E38F5E723DAE2E6002AAAB4 /* Making AR */,
				3E38F5E623DAE2DF002AAAB4 /* Gallery */,
				3E38F5E823DAE2EE002AAAB4 /* Settings */,
				3E38F5E923DAE2F5002AAAB4 /* Tutorial */,
			);
			path = "View Controllers";
			sourceTree = "<group>";
		};
		3E38F5E423DAE2D1002AAAB4 /* AR Drawing */ = {
			isa = PBXGroup;
			children = (
				3E38F60223DAE825002AAAB4 /* ARDrawingViewController.swift */,
				3E30338623EC48B90058E875 /* ARViewController.swift */,
				3E38F5EC23DAE710002AAAB4 /* ARViewController+extension.swift */,
				3E38F60023DAE7FD002AAAB4 /* ARDrawingViewController.storyboard */,
			);
			path = "AR Drawing";
			sourceTree = "<group>";
		};
		3E38F5E523DAE2D9002AAAB4 /* AR Motion */ = {
			isa = PBXGroup;
			children = (
				3E38F5F223DAE718002AAAB4 /* ARMotionViewController.swift */,
				3E38F60423DAEDE0002AAAB4 /* ARMotionViewController.storyboard */,
			);
			path = "AR Motion";
			sourceTree = "<group>";
		};
		3E38F5E623DAE2DF002AAAB4 /* Gallery */ = {
			isa = PBXGroup;
			children = (
				3E38F5F623DAE724002AAAB4 /* GalleryViewController.swift */,
				3E38F60A23DAEED8002AAAB4 /* GalleryViewController.storyboard */,
			);
			path = Gallery;
			sourceTree = "<group>";
		};
		3E38F5E723DAE2E6002AAAB4 /* Making AR */ = {
			isa = PBXGroup;
			children = (
				3E38F5F423DAE71E002AAAB4 /* MakingARViewController.swift */,
				3E38F60623DAEE3C002AAAB4 /* MakingARViewController.storyboard */,
			);
			path = "Making AR";
			sourceTree = "<group>";
		};
		3E38F5E823DAE2EE002AAAB4 /* Settings */ = {
			isa = PBXGroup;
			children = (
				3E38F5FA23DAE729002AAAB4 /* SettingTableViewController.swift */,
				3E38F5F823DAE729002AAAB4 /* HelpTableViewController.swift */,
				3E38F5F923DAE729002AAAB4 /* MadeByTableViewController.swift */,
				3E38F60823DAEEB0002AAAB4 /* SettingTableViewController.storyboard */,
			);
			path = Settings;
			sourceTree = "<group>";
		};
		3E38F5E923DAE2F5002AAAB4 /* Tutorial */ = {
			isa = PBXGroup;
			children = (
				3E38F5FE23DAE72E002AAAB4 /* TutorialViewController.swift */,
				3E38F60C23DAF0C1002AAAB4 /* TutorialViewController.storyboard */,
			);
			path = Tutorial;
			sourceTree = "<group>";
		};
		3E38F60F23DAF239002AAAB4 /* Utility */ = {
			isa = PBXGroup;
			children = (
				3E38F61223DAF25C002AAAB4 /* Color Picker */,
				3E38F61323DAF262002AAAB4 /* Custom Buttons */,
				3E38F61123DAF254002AAAB4 /* Custom Views */,
				3E38F61023DAF24D002AAAB4 /* Line Drawing */,
				3E38F61423DAF290002AAAB4 /* Styles.swift */,
				3E38F61523DAF291002AAAB4 /* Utilities.swift */,
				3EF7963E23E6A59300C56DDB /* Properties.swift */,
				3EF7964023E6A59C00C56DDB /* Color.swift */,
				3EF7964223E6B25C00C56DDB /* Font.swift */,
			);
			path = Utility;
			sourceTree = "<group>";
		};
		3E38F61023DAF24D002AAAB4 /* Line Drawing */ = {
			isa = PBXGroup;
			children = (
				3E38F62823DAF2B8002AAAB4 /* BiquadFilter.swift */,
				3E38F62A23DAF2B8002AAAB4 /* LineGeometry.swift */,
				3E38F62923DAF2B8002AAAB4 /* Shaders.metal */,
				3E38F62B23DAF2B8002AAAB4 /* ShaderTypes.h */,
			);
			path = "Line Drawing";
			sourceTree = "<group>";
		};
		3E38F61123DAF254002AAAB4 /* Custom Views */ = {
			isa = PBXGroup;
			children = (
				3E38F62423DAF2B2002AAAB4 /* DrawPromptView.swift */,
				3E38F62323DAF2B2002AAAB4 /* ProgressView.swift */,
				3E38F62223DAF2B2002AAAB4 /* TooltipView.swift */,
			);
			path = "Custom Views";
			sourceTree = "<group>";
		};
		3E38F61223DAF25C002AAAB4 /* Color Picker */ = {
			isa = PBXGroup;
			children = (
				3E38F61A23DAF29F002AAAB4 /* HueColorSliderDelegate.swift */,
				3E38F61B23DAF29F002AAAB4 /* RadialHueColorPaletteDelegate.swift */,
				3E38F61923DAF29F002AAAB4 /* RadialHuePalette.swift */,
				3E38F61823DAF29F002AAAB4 /* UISliderColorControl.swift */,
			);
			path = "Color Picker";
			sourceTree = "<group>";
		};
		3E38F61323DAF262002AAAB4 /* Custom Buttons */ = {
			isa = PBXGroup;
			children = (
				3E38F62023DAF2A5002AAAB4 /* ISRadioButton.swift */,
			);
			path = "Custom Buttons";
			sourceTree = "<group>";
		};
		3EF105AC23B71EA100CCB7E1 /* Views */ = {
			isa = PBXGroup;
			children = (
				3EF105DC23B71F7D00CCB7E1 /* Cells */,
			);
			name = Views;
			sourceTree = "<group>";
		};
		3EF105DC23B71F7D00CCB7E1 /* Cells */ = {
			isa = PBXGroup;
			children = (
				3EF105E123B71FA500CCB7E1 /* ARMotionCollectionViewCell.swift */,
				3EF105E423B71FA500CCB7E1 /* GalleryCollectionViewCell.swift */,
				3EF105E223B71FA500CCB7E1 /* CustomPaletteCollectionViewCell.swift */,
				3EF105E323B71FA500CCB7E1 /* FilterCollectionViewCell.swift */,
			);
			name = Cells;
			sourceTree = "<group>";
		};
		3EF105FA23B71FF900CCB7E1 /* Model */ = {
			isa = PBXGroup;
			children = (
				3EF7966E23E9ACAD00C56DDB /* CoreData */,
				3EF7966A23E9A94900C56DDB /* FaceARMotion.swift */,
				3EF7967323E9AD0A00C56DDB /* BGARMotion.swift */,
				3ED5BB9B23E30FC100ABC30E /* Figure.swift */,
				3EF105FD23B7200100CCB7E1 /* Stroke.swift */,
				3EF105FB23B7200000CCB7E1 /* NodeRender.metal */,
				3EF105FC23B7200000CCB7E1 /* NodeTechnique.plist */,
			);
			name = Model;
			sourceTree = "<group>";
		};
		3EF1060123B7201400CCB7E1 /* Resources */ = {
			isa = PBXGroup;
			children = (
				3EF1060723B7202900CCB7E1 /* Assets.xcassets */,
				3EF1060523B7202900CCB7E1 /* BGAR.scnassets */,
				3EF1060423B7202900CCB7E1 /* FaceAR.scnassets */,
				3EF1060223B7202800CCB7E1 /* Fonts */,
				3EF1060623B7202900CCB7E1 /* recordGradient */,
				3EF1060323B7202900CCB7E1 /* Tutorial Gif */,
			);
			name = Resources;
			sourceTree = "<group>";
		};
		3EF1062623B7207800CCB7E1 /* Lottie Animations */ = {
			isa = PBXGroup;
			children = (
				3EF1062723B7207F00CCB7E1 /* looking_partner.json */,
				3EF1062823B7207F00CCB7E1 /* partner_found.json */,
				3EF1062923B7208000CCB7E1 /* stay_put.json */,
			);
			name = "Lottie Animations";
			sourceTree = "<group>";
		};
		3EF7966E23E9ACAD00C56DDB /* CoreData */ = {
			isa = PBXGroup;
			children = (
				3EF7966F23E9ACBB00C56DDB /* DamdaData.swift */,
			);
			path = CoreData;
			sourceTree = "<group>";
		};
		3EFCD65121AE33D900D51C0C = {
			isa = PBXGroup;
			children = (
				3EFCD65C21AE33D900D51C0C /* DamdaCam */,
				3EFCD65B21AE33D900D51C0C /* Products */,
				D5114BA9024EE45F89C6490E /* Pods */,
				FEF7EC484619EB6DFBC5F00C /* Frameworks */,
			);
			sourceTree = "<group>";
		};
		3EFCD65B21AE33D900D51C0C /* Products */ = {
			isa = PBXGroup;
			children = (
				3EFCD65A21AE33D900D51C0C /* DamdaCam.app */,
			);
			name = Products;
			sourceTree = "<group>";
		};
		3EFCD65C21AE33D900D51C0C /* DamdaCam */ = {
			isa = PBXGroup;
			children = (
				3EFCD65D21AE33D900D51C0C /* AppDelegate.swift */,
				3EA9AF8E21BC2B6F0033622F /* DamdaCam-Bridging-Header.h */,
				3E38F63323DAFDE8002AAAB4 /* LaunchScreen.storyboard */,
				3E38F5E323DAE288002AAAB4 /* View Controllers */,
				3EF105AC23B71EA100CCB7E1 /* Views */,
				3EF105FA23B71FF900CCB7E1 /* Model */,
				3EF1060123B7201400CCB7E1 /* Resources */,
				3E38F60F23DAF239002AAAB4 /* Utility */,
				3EF1062623B7207800CCB7E1 /* Lottie Animations */,
				3EF105F723B71FB200CCB7E1 /* thirdPartyLicenses.html */,
				3EFCD66921AE33DA00D51C0C /* Info.plist */,
				3ED4BDD7227ECB2B0031E99A /* DamdaCamCoreData.xcdatamodeld */,
				3E6D61F223EC656900A9E4BB /* .swiftlint.yml */,
			);
			path = DamdaCam;
			sourceTree = "<group>";
		};
		D5114BA9024EE45F89C6490E /* Pods */ = {
			isa = PBXGroup;
			children = (
				24C97EBDB39DDE273304CA25 /* Pods-DamdaCam.debug.xcconfig */,
				7A2FF700FA191457E5E0427B /* Pods-DamdaCam.release.xcconfig */,
			);
			name = Pods;
			sourceTree = "<group>";
		};
		FEF7EC484619EB6DFBC5F00C /* Frameworks */ = {
			isa = PBXGroup;
			children = (
				3EAEDCDD21BD4DAA00BA7A7B /* CoreImage.framework */,
				3EAEDCDB21BD4DA000BA7A7B /* AVFoundation.framework */,
				3EAEDCD921BD4D9500BA7A7B /* OpenGLES.framework */,
				B05AC136890D1A76458899FB /* Pods_DamdaCam.framework */,
			);
			name = Frameworks;
			sourceTree = "<group>";
		};
/* End PBXGroup section */

/* Begin PBXNativeTarget section */
		3EFCD65921AE33D900D51C0C /* DamdaCam */ = {
			isa = PBXNativeTarget;
			buildConfigurationList = 3EFCD66C21AE33DA00D51C0C /* Build configuration list for PBXNativeTarget "DamdaCam" */;
			buildPhases = (
				7D1C71258209183FCF252976 /* [CP] Check Pods Manifest.lock */,
				3EFCD65621AE33D900D51C0C /* Sources */,
				3EFCD65721AE33D900D51C0C /* Frameworks */,
				3EFCD65821AE33D900D51C0C /* Resources */,
				CB886B9332BF1604BD41A7BC /* [CP] Embed Pods Frameworks */,
				A1106D6618A30DF3D74D3F54 /* [CP] Copy Pods Resources */,
				3EE8F6F422B7268F00B66CEC /* Run Script */,
				3E30338823EC61A40058E875 /* ShellScript */,
			);
			buildRules = (
			);
			dependencies = (
			);
			name = DamdaCam;
			productName = Project_KeepMe;
			productReference = 3EFCD65A21AE33D900D51C0C /* DamdaCam.app */;
			productType = "com.apple.product-type.application";
		};
/* End PBXNativeTarget section */

/* Begin PBXProject section */
		3EFCD65221AE33D900D51C0C /* Project object */ = {
			isa = PBXProject;
			attributes = {
				LastSwiftUpdateCheck = 1000;
				LastUpgradeCheck = 1000;
				ORGANIZATIONNAME = "김예빈";
				TargetAttributes = {
					3EFCD65921AE33D900D51C0C = {
						CreatedOnToolsVersion = 10.0;
						LastSwiftMigration = 1010;
					};
				};
			};
			buildConfigurationList = 3EFCD65521AE33D900D51C0C /* Build configuration list for PBXProject "DamdaCam" */;
			compatibilityVersion = "Xcode 9.3";
			developmentRegion = en;
			hasScannedForEncodings = 0;
			knownRegions = (
				en,
				Base,
			);
			mainGroup = 3EFCD65121AE33D900D51C0C;
			productRefGroup = 3EFCD65B21AE33D900D51C0C /* Products */;
			projectDirPath = "";
			projectRoot = "";
			targets = (
				3EFCD65921AE33D900D51C0C /* DamdaCam */,
			);
		};
/* End PBXProject section */

/* Begin PBXResourcesBuildPhase section */
		3EFCD65821AE33D900D51C0C /* Resources */ = {
			isa = PBXResourcesBuildPhase;
			buildActionMask = 2147483647;
			files = (
				3E6D61F323EC656900A9E4BB /* .swiftlint.yml in Resources */,
				3EF1062B23B7208000CCB7E1 /* partner_found.json in Resources */,
				3E38F60B23DAEED8002AAAB4 /* GalleryViewController.storyboard in Resources */,
				3EF1060B23B7202900CCB7E1 /* FaceAR.scnassets in Resources */,
				3E38F60723DAEE3C002AAAB4 /* MakingARViewController.storyboard in Resources */,
				3E38F60523DAEDE0002AAAB4 /* ARMotionViewController.storyboard in Resources */,
				3EF1060D23B7202900CCB7E1 /* recordGradient in Resources */,
				3E38F60923DAEEB0002AAAB4 /* SettingTableViewController.storyboard in Resources */,
				3E38F63423DAFDE8002AAAB4 /* LaunchScreen.storyboard in Resources */,
				3EF1060923B7202900CCB7E1 /* Fonts in Resources */,
				3EF1062A23B7208000CCB7E1 /* looking_partner.json in Resources */,
				3EF1060C23B7202900CCB7E1 /* BGAR.scnassets in Resources */,
				3EF1060A23B7202900CCB7E1 /* Tutorial Gif in Resources */,
				3E38F60D23DAF0C1002AAAB4 /* TutorialViewController.storyboard in Resources */,
				3E38F60123DAE7FD002AAAB4 /* ARDrawingViewController.storyboard in Resources */,
				3EF1062C23B7208000CCB7E1 /* stay_put.json in Resources */,
				3EF1060E23B7202900CCB7E1 /* Assets.xcassets in Resources */,
				3EF105FF23B7200100CCB7E1 /* NodeTechnique.plist in Resources */,
			);
			runOnlyForDeploymentPostprocessing = 0;
		};
/* End PBXResourcesBuildPhase section */

/* Begin PBXShellScriptBuildPhase section */
		3E30338823EC61A40058E875 /* ShellScript */ = {
			isa = PBXShellScriptBuildPhase;
			buildActionMask = 2147483647;
			files = (
			);
			inputFileListPaths = (
			);
			inputPaths = (
			);
			outputFileListPaths = (
			);
			outputPaths = (
			);
			runOnlyForDeploymentPostprocessing = 0;
			shellPath = /bin/sh;
			shellScript = "${PODS_ROOT}/SwiftLint/swiftlint\n";
		};
		3EE8F6F422B7268F00B66CEC /* Run Script */ = {
			isa = PBXShellScriptBuildPhase;
			buildActionMask = 2147483647;
			files = (
			);
			inputFileListPaths = (
			);
			inputPaths = (
			);
			name = "Run Script";
			outputFileListPaths = (
			);
			outputPaths = (
			);
			runOnlyForDeploymentPostprocessing = 0;
			shellPath = /bin/sh;
			shellScript = "# Type a script or drag a script file from your workspace to insert its path.\nxattr -cr ~/Library/Developer/Xcode/DerivedData || echo Clear\n";
		};
		7D1C71258209183FCF252976 /* [CP] Check Pods Manifest.lock */ = {
			isa = PBXShellScriptBuildPhase;
			buildActionMask = 2147483647;
			files = (
			);
			inputFileListPaths = (
			);
			inputPaths = (
				"${PODS_PODFILE_DIR_PATH}/Podfile.lock",
				"${PODS_ROOT}/Manifest.lock",
			);
			name = "[CP] Check Pods Manifest.lock";
			outputFileListPaths = (
			);
			outputPaths = (
				"$(DERIVED_FILE_DIR)/Pods-DamdaCam-checkManifestLockResult.txt",
			);
			runOnlyForDeploymentPostprocessing = 0;
			shellPath = /bin/sh;
			shellScript = "diff \"${PODS_PODFILE_DIR_PATH}/Podfile.lock\" \"${PODS_ROOT}/Manifest.lock\" > /dev/null\nif [ $? != 0 ] ; then\n    # print error to STDERR\n    echo \"error: The sandbox is not in sync with the Podfile.lock. Run 'pod install' or update your CocoaPods installation.\" >&2\n    exit 1\nfi\n# This output is used by Xcode 'outputs' to avoid re-running this script phase.\necho \"SUCCESS\" > \"${SCRIPT_OUTPUT_FILE_0}\"\n";
			showEnvVarsInLog = 0;
		};
		A1106D6618A30DF3D74D3F54 /* [CP] Copy Pods Resources */ = {
			isa = PBXShellScriptBuildPhase;
			buildActionMask = 2147483647;
			files = (
			);
			inputFileListPaths = (
				"${PODS_ROOT}/Target Support Files/Pods-DamdaCam/Pods-DamdaCam-resources-${CONFIGURATION}-input-files.xcfilelist",
			);
			name = "[CP] Copy Pods Resources";
			outputFileListPaths = (
				"${PODS_ROOT}/Target Support Files/Pods-DamdaCam/Pods-DamdaCam-resources-${CONFIGURATION}-output-files.xcfilelist",
			);
			runOnlyForDeploymentPostprocessing = 0;
			shellPath = /bin/sh;
			shellScript = "\"${PODS_ROOT}/Target Support Files/Pods-DamdaCam/Pods-DamdaCam-resources.sh\"\n";
			showEnvVarsInLog = 0;
		};
		CB886B9332BF1604BD41A7BC /* [CP] Embed Pods Frameworks */ = {
			isa = PBXShellScriptBuildPhase;
			buildActionMask = 2147483647;
			files = (
			);
			inputFileListPaths = (
				"${PODS_ROOT}/Target Support Files/Pods-DamdaCam/Pods-DamdaCam-frameworks-${CONFIGURATION}-input-files.xcfilelist",
			);
			name = "[CP] Embed Pods Frameworks";
			outputFileListPaths = (
				"${PODS_ROOT}/Target Support Files/Pods-DamdaCam/Pods-DamdaCam-frameworks-${CONFIGURATION}-output-files.xcfilelist",
			);
			runOnlyForDeploymentPostprocessing = 0;
			shellPath = /bin/sh;
			shellScript = "\"${PODS_ROOT}/Target Support Files/Pods-DamdaCam/Pods-DamdaCam-frameworks.sh\"\n";
			showEnvVarsInLog = 0;
		};
/* End PBXShellScriptBuildPhase section */

/* Begin PBXSourcesBuildPhase section */
		3EFCD65621AE33D900D51C0C /* Sources */ = {
			isa = PBXSourcesBuildPhase;
			buildActionMask = 2147483647;
			files = (
				3E38F62D23DAF2B8002AAAB4 /* Shaders.metal in Sources */,
				3EF7966C23E9A94900C56DDB /* FaceARMotion.swift in Sources */,
				3ED5BB9C23E30FC100ABC30E /* Figure.swift in Sources */,
				3EF7964123E6A59C00C56DDB /* Color.swift in Sources */,
				3E38F61E23DAF29F002AAAB4 /* HueColorSliderDelegate.swift in Sources */,
				3EF105FE23B7200100CCB7E1 /* NodeRender.metal in Sources */,
				3EF105E623B71FA500CCB7E1 /* CustomPaletteCollectionViewCell.swift in Sources */,
				3E38F60323DAE825002AAAB4 /* ARDrawingViewController.swift in Sources */,
				3E38F5FD23DAE729002AAAB4 /* SettingTableViewController.swift in Sources */,
				3E38F5F023DAE710002AAAB4 /* ARViewController+extension.swift in Sources */,
				3E38F62523DAF2B2002AAAB4 /* TooltipView.swift in Sources */,
				3EF105E523B71FA500CCB7E1 /* ARMotionCollectionViewCell.swift in Sources */,
				3E38F61D23DAF29F002AAAB4 /* RadialHuePalette.swift in Sources */,
				3EF7964323E6B25C00C56DDB /* Font.swift in Sources */,
				3EF7967423E9AD0B00C56DDB /* BGARMotion.swift in Sources */,
				3E38F61C23DAF29F002AAAB4 /* UISliderColorControl.swift in Sources */,
				3E38F5FB23DAE729002AAAB4 /* HelpTableViewController.swift in Sources */,
				3E38F5FF23DAE72E002AAAB4 /* TutorialViewController.swift in Sources */,
				3E38F5FC23DAE729002AAAB4 /* MadeByTableViewController.swift in Sources */,
				3E38F62C23DAF2B8002AAAB4 /* BiquadFilter.swift in Sources */,
				3E38F61623DAF291002AAAB4 /* Styles.swift in Sources */,
				3EF105E823B71FA500CCB7E1 /* GalleryCollectionViewCell.swift in Sources */,
				3E38F62E23DAF2B9002AAAB4 /* LineGeometry.swift in Sources */,
				3EF1060023B7200100CCB7E1 /* Stroke.swift in Sources */,
				3E38F5F523DAE71F002AAAB4 /* MakingARViewController.swift in Sources */,
				3E38F61723DAF291002AAAB4 /* Utilities.swift in Sources */,
				3EF105E723B71FA500CCB7E1 /* FilterCollectionViewCell.swift in Sources */,
				3ED4BDD9227ECB2B0031E99A /* DamdaCamCoreData.xcdatamodeld in Sources */,
				3EF7963F23E6A59300C56DDB /* Properties.swift in Sources */,
				3E38F61F23DAF29F002AAAB4 /* RadialHueColorPaletteDelegate.swift in Sources */,
				3E38F62723DAF2B2002AAAB4 /* DrawPromptView.swift in Sources */,
				3EFCD65E21AE33D900D51C0C /* AppDelegate.swift in Sources */,
				3E38F62123DAF2A5002AAAB4 /* ISRadioButton.swift in Sources */,
				3E30338723EC48B90058E875 /* ARViewController.swift in Sources */,
				3E38F5F723DAE724002AAAB4 /* GalleryViewController.swift in Sources */,
				3E38F5F323DAE718002AAAB4 /* ARMotionViewController.swift in Sources */,
				3E38F62623DAF2B2002AAAB4 /* ProgressView.swift in Sources */,
				3EF7967023E9ACBB00C56DDB /* DamdaData.swift in Sources */,
			);
			runOnlyForDeploymentPostprocessing = 0;
		};
/* End PBXSourcesBuildPhase section */

/* Begin XCBuildConfiguration section */
		3EFCD66A21AE33DA00D51C0C /* Debug */ = {
			isa = XCBuildConfiguration;
			buildSettings = {
				ALWAYS_SEARCH_USER_PATHS = NO;
				CLANG_ANALYZER_NONNULL = YES;
				CLANG_ANALYZER_NUMBER_OBJECT_CONVERSION = YES_AGGRESSIVE;
				CLANG_CXX_LANGUAGE_STANDARD = "gnu++14";
				CLANG_CXX_LIBRARY = "libc++";
				CLANG_ENABLE_MODULES = YES;
				CLANG_ENABLE_OBJC_ARC = YES;
				CLANG_ENABLE_OBJC_WEAK = YES;
				CLANG_WARN_BLOCK_CAPTURE_AUTORELEASING = YES;
				CLANG_WARN_BOOL_CONVERSION = YES;
				CLANG_WARN_COMMA = YES;
				CLANG_WARN_CONSTANT_CONVERSION = YES;
				CLANG_WARN_DEPRECATED_OBJC_IMPLEMENTATIONS = YES;
				CLANG_WARN_DIRECT_OBJC_ISA_USAGE = YES_ERROR;
				CLANG_WARN_DOCUMENTATION_COMMENTS = YES;
				CLANG_WARN_EMPTY_BODY = YES;
				CLANG_WARN_ENUM_CONVERSION = YES;
				CLANG_WARN_INFINITE_RECURSION = YES;
				CLANG_WARN_INT_CONVERSION = YES;
				CLANG_WARN_NON_LITERAL_NULL_CONVERSION = YES;
				CLANG_WARN_OBJC_IMPLICIT_RETAIN_SELF = YES;
				CLANG_WARN_OBJC_LITERAL_CONVERSION = YES;
				CLANG_WARN_OBJC_ROOT_CLASS = YES_ERROR;
				CLANG_WARN_RANGE_LOOP_ANALYSIS = YES;
				CLANG_WARN_STRICT_PROTOTYPES = YES;
				CLANG_WARN_SUSPICIOUS_MOVE = YES;
				CLANG_WARN_UNGUARDED_AVAILABILITY = YES_AGGRESSIVE;
				CLANG_WARN_UNREACHABLE_CODE = YES;
				CLANG_WARN__DUPLICATE_METHOD_MATCH = YES;
				CODE_SIGN_IDENTITY = "iPhone Developer";
				COPY_PHASE_STRIP = NO;
				DEBUG_INFORMATION_FORMAT = dwarf;
				ENABLE_STRICT_OBJC_MSGSEND = YES;
				ENABLE_TESTABILITY = YES;
				GCC_C_LANGUAGE_STANDARD = gnu11;
				GCC_DYNAMIC_NO_PIC = NO;
				GCC_NO_COMMON_BLOCKS = YES;
				GCC_OPTIMIZATION_LEVEL = 0;
				GCC_PREPROCESSOR_DEFINITIONS = (
					"DEBUG=1",
					"$(inherited)",
				);
				GCC_WARN_64_TO_32_BIT_CONVERSION = YES;
				GCC_WARN_ABOUT_RETURN_TYPE = YES_ERROR;
				GCC_WARN_UNDECLARED_SELECTOR = YES;
				GCC_WARN_UNINITIALIZED_AUTOS = YES_AGGRESSIVE;
				GCC_WARN_UNUSED_FUNCTION = YES;
				GCC_WARN_UNUSED_VARIABLE = YES;
				IPHONEOS_DEPLOYMENT_TARGET = 12.0;
				MTL_ENABLE_DEBUG_INFO = INCLUDE_SOURCE;
				MTL_FAST_MATH = YES;
				ONLY_ACTIVE_ARCH = YES;
				SDKROOT = iphoneos;
				SWIFT_ACTIVE_COMPILATION_CONDITIONS = DEBUG;
				SWIFT_OPTIMIZATION_LEVEL = "-Onone";
			};
			name = Debug;
		};
		3EFCD66B21AE33DA00D51C0C /* Release */ = {
			isa = XCBuildConfiguration;
			buildSettings = {
				ALWAYS_SEARCH_USER_PATHS = NO;
				CLANG_ANALYZER_NONNULL = YES;
				CLANG_ANALYZER_NUMBER_OBJECT_CONVERSION = YES_AGGRESSIVE;
				CLANG_CXX_LANGUAGE_STANDARD = "gnu++14";
				CLANG_CXX_LIBRARY = "libc++";
				CLANG_ENABLE_MODULES = YES;
				CLANG_ENABLE_OBJC_ARC = YES;
				CLANG_ENABLE_OBJC_WEAK = YES;
				CLANG_WARN_BLOCK_CAPTURE_AUTORELEASING = YES;
				CLANG_WARN_BOOL_CONVERSION = YES;
				CLANG_WARN_COMMA = YES;
				CLANG_WARN_CONSTANT_CONVERSION = YES;
				CLANG_WARN_DEPRECATED_OBJC_IMPLEMENTATIONS = YES;
				CLANG_WARN_DIRECT_OBJC_ISA_USAGE = YES_ERROR;
				CLANG_WARN_DOCUMENTATION_COMMENTS = YES;
				CLANG_WARN_EMPTY_BODY = YES;
				CLANG_WARN_ENUM_CONVERSION = YES;
				CLANG_WARN_INFINITE_RECURSION = YES;
				CLANG_WARN_INT_CONVERSION = YES;
				CLANG_WARN_NON_LITERAL_NULL_CONVERSION = YES;
				CLANG_WARN_OBJC_IMPLICIT_RETAIN_SELF = YES;
				CLANG_WARN_OBJC_LITERAL_CONVERSION = YES;
				CLANG_WARN_OBJC_ROOT_CLASS = YES_ERROR;
				CLANG_WARN_RANGE_LOOP_ANALYSIS = YES;
				CLANG_WARN_STRICT_PROTOTYPES = YES;
				CLANG_WARN_SUSPICIOUS_MOVE = YES;
				CLANG_WARN_UNGUARDED_AVAILABILITY = YES_AGGRESSIVE;
				CLANG_WARN_UNREACHABLE_CODE = YES;
				CLANG_WARN__DUPLICATE_METHOD_MATCH = YES;
				CODE_SIGN_IDENTITY = "iPhone Developer";
				COPY_PHASE_STRIP = NO;
				DEBUG_INFORMATION_FORMAT = "dwarf-with-dsym";
				ENABLE_NS_ASSERTIONS = NO;
				ENABLE_STRICT_OBJC_MSGSEND = YES;
				GCC_C_LANGUAGE_STANDARD = gnu11;
				GCC_NO_COMMON_BLOCKS = YES;
				GCC_WARN_64_TO_32_BIT_CONVERSION = YES;
				GCC_WARN_ABOUT_RETURN_TYPE = YES_ERROR;
				GCC_WARN_UNDECLARED_SELECTOR = YES;
				GCC_WARN_UNINITIALIZED_AUTOS = YES_AGGRESSIVE;
				GCC_WARN_UNUSED_FUNCTION = YES;
				GCC_WARN_UNUSED_VARIABLE = YES;
				IPHONEOS_DEPLOYMENT_TARGET = 12.0;
				MTL_ENABLE_DEBUG_INFO = NO;
				MTL_FAST_MATH = YES;
				SDKROOT = iphoneos;
				SWIFT_COMPILATION_MODE = wholemodule;
				SWIFT_OPTIMIZATION_LEVEL = "-O";
				VALIDATE_PRODUCT = YES;
			};
			name = Release;
		};
		3EFCD66D21AE33DA00D51C0C /* Debug */ = {
			isa = XCBuildConfiguration;
			baseConfigurationReference = 24C97EBDB39DDE273304CA25 /* Pods-DamdaCam.debug.xcconfig */;
			buildSettings = {
				ASSETCATALOG_COMPILER_APPICON_NAME = AppIcon;
				CLANG_ENABLE_MODULES = YES;
				CODE_SIGN_IDENTITY = "Apple Development";
				CODE_SIGN_STYLE = Automatic;
				DEVELOPMENT_TEAM = G5RZ7AYRC2;
				INFOPLIST_FILE = DamdaCam/Info.plist;
				IPHONEOS_DEPLOYMENT_TARGET = 12.1;
				LD_RUNPATH_SEARCH_PATHS = (
					"$(inherited)",
					"@executable_path/Frameworks",
				);
				PRODUCT_BUNDLE_IDENTIFIER = student.ybKim.Damda;
				PRODUCT_NAME = "$(TARGET_NAME)";
				PROVISIONING_PROFILE_SPECIFIER = "";
				SWIFT_OBJC_BRIDGING_HEADER = "DamdaCam/DamdaCam-Bridging-Header.h";
				SWIFT_OPTIMIZATION_LEVEL = "-Onone";
				SWIFT_VERSION = 4.2;
				TARGETED_DEVICE_FAMILY = 1;
			};
			name = Debug;
		};
		3EFCD66E21AE33DA00D51C0C /* Release */ = {
			isa = XCBuildConfiguration;
			baseConfigurationReference = 7A2FF700FA191457E5E0427B /* Pods-DamdaCam.release.xcconfig */;
			buildSettings = {
				ASSETCATALOG_COMPILER_APPICON_NAME = AppIcon;
				CLANG_ENABLE_MODULES = YES;
				CODE_SIGN_IDENTITY = "Apple Development";
				CODE_SIGN_STYLE = Automatic;
				DEVELOPMENT_TEAM = G5RZ7AYRC2;
				INFOPLIST_FILE = DamdaCam/Info.plist;
				IPHONEOS_DEPLOYMENT_TARGET = 12.1;
				LD_RUNPATH_SEARCH_PATHS = (
					"$(inherited)",
					"@executable_path/Frameworks",
				);
				PRODUCT_BUNDLE_IDENTIFIER = student.ybKim.Damda;
				PRODUCT_NAME = "$(TARGET_NAME)";
				PROVISIONING_PROFILE_SPECIFIER = "";
				SWIFT_OBJC_BRIDGING_HEADER = "DamdaCam/DamdaCam-Bridging-Header.h";
				SWIFT_VERSION = 4.2;
				TARGETED_DEVICE_FAMILY = 1;
			};
			name = Release;
		};
/* End XCBuildConfiguration section */

/* Begin XCConfigurationList section */
		3EFCD65521AE33D900D51C0C /* Build configuration list for PBXProject "DamdaCam" */ = {
			isa = XCConfigurationList;
			buildConfigurations = (
				3EFCD66A21AE33DA00D51C0C /* Debug */,
				3EFCD66B21AE33DA00D51C0C /* Release */,
			);
			defaultConfigurationIsVisible = 0;
			defaultConfigurationName = Release;
		};
		3EFCD66C21AE33DA00D51C0C /* Build configuration list for PBXNativeTarget "DamdaCam" */ = {
			isa = XCConfigurationList;
			buildConfigurations = (
				3EFCD66D21AE33DA00D51C0C /* Debug */,
				3EFCD66E21AE33DA00D51C0C /* Release */,
			);
			defaultConfigurationIsVisible = 0;
			defaultConfigurationName = Release;
		};
/* End XCConfigurationList section */

/* Begin XCVersionGroup section */
		3ED4BDD7227ECB2B0031E99A /* DamdaCamCoreData.xcdatamodeld */ = {
			isa = XCVersionGroup;
			children = (
				3ED4BDD8227ECB2B0031E99A /* MakingARCoreData.xcdatamodel */,
			);
			currentVersion = 3ED4BDD8227ECB2B0031E99A /* MakingARCoreData.xcdatamodel */;
			path = DamdaCamCoreData.xcdatamodeld;
			sourceTree = "<group>";
			versionGroupType = wrapper.xcdatamodel;
		};
/* End XCVersionGroup section */
	};
	rootObject = 3EFCD65221AE33D900D51C0C /* Project object */;
}
